// !$*UTF8*$!
{
	archiveVersion = 1;
	classes = {
	};
	objectVersion = 46;
	objects = {

/* Begin PBXBuildFile section */
		F6B5F3E31D4F818B00142BF7 /* AppDelegate.swift in Sources */ = {isa = PBXBuildFile; fileRef = F6B5F3E21D4F818B00142BF7 /* AppDelegate.swift */; };
		F6B5F3E51D4F818B00142BF7 /* ViewController.swift in Sources */ = {isa = PBXBuildFile; fileRef = F6B5F3E41D4F818B00142BF7 /* ViewController.swift */; };
		F6B5F3E81D4F818B00142BF7 /* Main.storyboard in Resources */ = {isa = PBXBuildFile; fileRef = F6B5F3E61D4F818B00142BF7 /* Main.storyboard */; };
		F6B5F3EA1D4F818B00142BF7 /* Assets.xcassets in Resources */ = {isa = PBXBuildFile; fileRef = F6B5F3E91D4F818B00142BF7 /* Assets.xcassets */; };
		F6B5F3ED1D4F818B00142BF7 /* LaunchScreen.storyboard in Resources */ = {isa = PBXBuildFile; fileRef = F6B5F3EB1D4F818B00142BF7 /* LaunchScreen.storyboard */; };
		F6B5F3F81D4F818B00142BF7 /* NoMoreStorageTests.swift in Sources */ = {isa = PBXBuildFile; fileRef = F6B5F3F71D4F818B00142BF7 /* NoMoreStorageTests.swift */; };
		F6B5F4031D4F818B00142BF7 /* NoMoreStorageUITests.swift in Sources */ = {isa = PBXBuildFile; fileRef = F6B5F4021D4F818B00142BF7 /* NoMoreStorageUITests.swift */; };
		F6DEFE3C1D4F9CE300CA7560 /* alotof.shit in Resources */ = {isa = PBXBuildFile; fileRef = F6DEFE3B1D4F9CE300CA7560 /* alotof.shit */; };
/* End PBXBuildFile section */

/* Begin PBXContainerItemProxy section */
		F6B5F3F41D4F818B00142BF7 /* PBXContainerItemProxy */ = {
			isa = PBXContainerItemProxy;
			containerPortal = F6B5F3D71D4F818B00142BF7 /* Project object */;
			proxyType = 1;
			remoteGlobalIDString = F6B5F3DE1D4F818B00142BF7;
			remoteInfo = NoMoreStorage;
		};
		F6B5F3FF1D4F818B00142BF7 /* PBXContainerItemProxy */ = {
			isa = PBXContainerItemProxy;
			containerPortal = F6B5F3D71D4F818B00142BF7 /* Project object */;
			proxyType = 1;
			remoteGlobalIDString = F6B5F3DE1D4F818B00142BF7;
			remoteInfo = NoMoreStorage;
		};
/* End PBXContainerItemProxy section */

/* Begin PBXFileReference section */
		F6B5F3DF1D4F818B00142BF7 /* NoMoreStorage.app */ = {isa = PBXFileReference; explicitFileType = wrapper.application; includeInIndex = 0; path = NoMoreStorage.app; sourceTree = BUILT_PRODUCTS_DIR; };
		F6B5F3E21D4F818B00142BF7 /* AppDelegate.swift */ = {isa = PBXFileReference; lastKnownFileType = sourcecode.swift; path = AppDelegate.swift; sourceTree = "<group>"; };
		F6B5F3E41D4F818B00142BF7 /* ViewController.swift */ = {isa = PBXFileReference; lastKnownFileType = sourcecode.swift; path = ViewController.swift; sourceTree = "<group>"; };
		F6B5F3E71D4F818B00142BF7 /* Base */ = {isa = PBXFileReference; lastKnownFileType = file.storyboard; name = Base; path = Base.lproj/Main.storyboard; sourceTree = "<group>"; };
		F6B5F3E91D4F818B00142BF7 /* Assets.xcassets */ = {isa = PBXFileReference; lastKnownFileType = folder.assetcatalog; path = Assets.xcassets; sourceTree = "<group>"; };
		F6B5F3EC1D4F818B00142BF7 /* Base */ = {isa = PBXFileReference; lastKnownFileType = file.storyboard; name = Base; path = Base.lproj/LaunchScreen.storyboard; sourceTree = "<group>"; };
		F6B5F3EE1D4F818B00142BF7 /* Info.plist */ = {isa = PBXFileReference; lastKnownFileType = text.plist.xml; path = Info.plist; sourceTree = "<group>"; };
		F6B5F3F31D4F818B00142BF7 /* NoMoreStorageTests.xctest */ = {isa = PBXFileReference; explicitFileType = wrapper.cfbundle; includeInIndex = 0; path = NoMoreStorageTests.xctest; sourceTree = BUILT_PRODUCTS_DIR; };
		F6B5F3F71D4F818B00142BF7 /* NoMoreStorageTests.swift */ = {isa = PBXFileReference; lastKnownFileType = sourcecode.swift; path = NoMoreStorageTests.swift; sourceTree = "<group>"; };
		F6B5F3F91D4F818B00142BF7 /* Info.plist */ = {isa = PBXFileReference; lastKnownFileType = text.plist.xml; path = Info.plist; sourceTree = "<group>"; };
		F6B5F3FE1D4F818B00142BF7 /* NoMoreStorageUITests.xctest */ = {isa = PBXFileReference; explicitFileType = wrapper.cfbundle; includeInIndex = 0; path = NoMoreStorageUITests.xctest; sourceTree = BUILT_PRODUCTS_DIR; };
		F6B5F4021D4F818B00142BF7 /* NoMoreStorageUITests.swift */ = {isa = PBXFileReference; lastKnownFileType = sourcecode.swift; path = NoMoreStorageUITests.swift; sourceTree = "<group>"; };
		F6B5F4041D4F818B00142BF7 /* Info.plist */ = {isa = PBXFileReference; lastKnownFileType = text.plist.xml; path = Info.plist; sourceTree = "<group>"; };
		F6DEFE3B1D4F9CE300CA7560 /* alotof.shit */ = {isa = PBXFileReference; fileEncoding = 4; lastKnownFileType = text; path = alotof.shit; sourceTree = "<group>"; };
/* End PBXFileReference section */

/* Begin PBXFrameworksBuildPhase section */
		F6B5F3DC1D4F818B00142BF7 /* Frameworks */ = {
			isa = PBXFrameworksBuildPhase;
			buildActionMask = 2147483647;
			files = (
			);
			runOnlyForDeploymentPostprocessing = 0;
		};
		F6B5F3F01D4F818B00142BF7 /* Frameworks */ = {
			isa = PBXFrameworksBuildPhase;
			buildActionMask = 2147483647;
			files = (
			);
			runOnlyForDeploymentPostprocessing = 0;
		};
		F6B5F3FB1D4F818B00142BF7 /* Frameworks */ = {
			isa = PBXFrameworksBuildPhase;
			buildActionMask = 2147483647;
			files = (
			);
			runOnlyForDeploymentPostprocessing = 0;
		};
/* End PBXFrameworksBuildPhase section */

/* Begin PBXGroup section */
		F6B5F3D61D4F818B00142BF7 = {
			isa = PBXGroup;
			children = (
				F6B5F3E11D4F818B00142BF7 /* NoMoreStorage */,
				F6B5F3F61D4F818B00142BF7 /* NoMoreStorageTests */,
				F6B5F4011D4F818B00142BF7 /* NoMoreStorageUITests */,
				F6B5F3E01D4F818B00142BF7 /* Products */,
			);
			sourceTree = "<group>";
		};
		F6B5F3E01D4F818B00142BF7 /* Products */ = {
			isa = PBXGroup;
			children = (
				F6B5F3DF1D4F818B00142BF7 /* NoMoreStorage.app */,
				F6B5F3F31D4F818B00142BF7 /* NoMoreStorageTests.xctest */,
				F6B5F3FE1D4F818B00142BF7 /* NoMoreStorageUITests.xctest */,
			);
			name = Products;
			sourceTree = "<group>";
		};
		F6B5F3E11D4F818B00142BF7 /* NoMoreStorage */ = {
			isa = PBXGroup;
			children = (
				F6B5F3E21D4F818B00142BF7 /* AppDelegate.swift */,
				F6B5F3E41D4F818B00142BF7 /* ViewController.swift */,
				F6B5F3E61D4F818B00142BF7 /* Main.storyboard */,
				F6B5F3E91D4F818B00142BF7 /* Assets.xcassets */,
				F6B5F3EB1D4F818B00142BF7 /* LaunchScreen.storyboard */,
				F6B5F3EE1D4F818B00142BF7 /* Info.plist */,
				F6DEFE3B1D4F9CE300CA7560 /* alotof.shit */,
			);
			path = NoMoreStorage;
			sourceTree = "<group>";
		};
		F6B5F3F61D4F818B00142BF7 /* NoMoreStorageTests */ = {
			isa = PBXGroup;
			children = (
				F6B5F3F71D4F818B00142BF7 /* NoMoreStorageTests.swift */,
				F6B5F3F91D4F818B00142BF7 /* Info.plist */,
			);
			path = NoMoreStorageTests;
			sourceTree = "<group>";
		};
		F6B5F4011D4F818B00142BF7 /* NoMoreStorageUITests */ = {
			isa = PBXGroup;
			children = (
				F6B5F4021D4F818B00142BF7 /* NoMoreStorageUITests.swift */,
				F6B5F4041D4F818B00142BF7 /* Info.plist */,
			);
			path = NoMoreStorageUITests;
			sourceTree = "<group>";
		};
/* End PBXGroup section */

/* Begin PBXNativeTarget section */
		F6B5F3DE1D4F818B00142BF7 /* NoMoreStorage */ = {
			isa = PBXNativeTarget;
			buildConfigurationList = F6B5F4071D4F818B00142BF7 /* Build configuration list for PBXNativeTarget "NoMoreStorage" */;
			buildPhases = (
				F6B5F3DB1D4F818B00142BF7 /* Sources */,
				F6B5F3DC1D4F818B00142BF7 /* Frameworks */,
				F6B5F3DD1D4F818B00142BF7 /* Resources */,
			);
			buildRules = (
			);
			dependencies = (
			);
			name = NoMoreStorage;
			productName = NoMoreStorage;
			productReference = F6B5F3DF1D4F818B00142BF7 /* NoMoreStorage.app */;
			productType = "com.apple.product-type.application";
		};
		F6B5F3F21D4F818B00142BF7 /* NoMoreStorageTests */ = {
			isa = PBXNativeTarget;
			buildConfigurationList = F6B5F40A1D4F818B00142BF7 /* Build configuration list for PBXNativeTarget "NoMoreStorageTests" */;
			buildPhases = (
				F6B5F3EF1D4F818B00142BF7 /* Sources */,
				F6B5F3F01D4F818B00142BF7 /* Frameworks */,
				F6B5F3F11D4F818B00142BF7 /* Resources */,
			);
			buildRules = (
			);
			dependencies = (
				F6B5F3F51D4F818B00142BF7 /* PBXTargetDependency */,
			);
			name = NoMoreStorageTests;
			productName = NoMoreStorageTests;
			productReference = F6B5F3F31D4F818B00142BF7 /* NoMoreStorageTests.xctest */;
			productType = "com.apple.product-type.bundle.unit-test";
		};
		F6B5F3FD1D4F818B00142BF7 /* NoMoreStorageUITests */ = {
			isa = PBXNativeTarget;
			buildConfigurationList = F6B5F40D1D4F818B00142BF7 /* Build configuration list for PBXNativeTarget "NoMoreStorageUITests" */;
			buildPhases = (
				F6B5F3FA1D4F818B00142BF7 /* Sources */,
				F6B5F3FB1D4F818B00142BF7 /* Frameworks */,
				F6B5F3FC1D4F818B00142BF7 /* Resources */,
			);
			buildRules = (
			);
			dependencies = (
				F6B5F4001D4F818B00142BF7 /* PBXTargetDependency */,
			);
			name = NoMoreStorageUITests;
			productName = NoMoreStorageUITests;
			productReference = F6B5F3FE1D4F818B00142BF7 /* NoMoreStorageUITests.xctest */;
			productType = "com.apple.product-type.bundle.ui-testing";
		};
/* End PBXNativeTarget section */

/* Begin PBXProject section */
		F6B5F3D71D4F818B00142BF7 /* Project object */ = {
			isa = PBXProject;
			attributes = {
				LastSwiftUpdateCheck = 0730;
				LastUpgradeCheck = 0730;
				ORGANIZATIONNAME = "Lukas Böhler";
				TargetAttributes = {
					F6B5F3DE1D4F818B00142BF7 = {
						CreatedOnToolsVersion = 7.3.1;
						DevelopmentTeam = QC2AS9P569;
						ProvisioningStyle = Automatic;
					};
					F6B5F3F21D4F818B00142BF7 = {
						CreatedOnToolsVersion = 7.3.1;
						TestTargetID = F6B5F3DE1D4F818B00142BF7;
					};
					F6B5F3FD1D4F818B00142BF7 = {
						CreatedOnToolsVersion = 7.3.1;
						TestTargetID = F6B5F3DE1D4F818B00142BF7;
					};
				};
			};
			buildConfigurationList = F6B5F3DA1D4F818B00142BF7 /* Build configuration list for PBXProject "NoMoreStorage" */;
			compatibilityVersion = "Xcode 3.2";
			developmentRegion = English;
			hasScannedForEncodings = 0;
			knownRegions = (
				en,
				Base,
			);
			mainGroup = F6B5F3D61D4F818B00142BF7;
			productRefGroup = F6B5F3E01D4F818B00142BF7 /* Products */;
			projectDirPath = "";
			projectRoot = "";
			targets = (
				F6B5F3DE1D4F818B00142BF7 /* NoMoreStorage */,
				F6B5F3F21D4F818B00142BF7 /* NoMoreStorageTests */,
				F6B5F3FD1D4F818B00142BF7 /* NoMoreStorageUITests */,
			);
		};
/* End PBXProject section */

/* Begin PBXResourcesBuildPhase section */
		F6B5F3DD1D4F818B00142BF7 /* Resources */ = {
			isa = PBXResourcesBuildPhase;
			buildActionMask = 2147483647;
			files = (
				F6B5F3ED1D4F818B00142BF7 /* LaunchScreen.storyboard in Resources */,
				F6B5F3EA1D4F818B00142BF7 /* Assets.xcassets in Resources */,
				F6DEFE3C1D4F9CE300CA7560 /* alotof.shit in Resources */,
				F6B5F3E81D4F818B00142BF7 /* Main.storyboard in Resources */,
			);
			runOnlyForDeploymentPostprocessing = 0;
		};
		F6B5F3F11D4F818B00142BF7 /* Resources */ = {
			isa = PBXResourcesBuildPhase;
			buildActionMask = 2147483647;
			files = (
			);
			runOnlyForDeploymentPostprocessing = 0;
		};
		F6B5F3FC1D4F818B00142BF7 /* Resources */ = {
			isa = PBXResourcesBuildPhase;
			buildActionMask = 2147483647;
			files = (
			);
			runOnlyForDeploymentPostprocessing = 0;
		};
/* End PBXResourcesBuildPhase section */

/* Begin PBXSourcesBuildPhase section */
		F6B5F3DB1D4F818B00142BF7 /* Sources */ = {
			isa = PBXSourcesBuildPhase;
			buildActionMask = 2147483647;
			files = (
				F6B5F3E51D4F818B00142BF7 /* ViewController.swift in Sources */,
				F6B5F3E31D4F818B00142BF7 /* AppDelegate.swift in Sources */,
			);
			runOnlyForDeploymentPostprocessing = 0;
		};
		F6B5F3EF1D4F818B00142BF7 /* Sources */ = {
			isa = PBXSourcesBuildPhase;
			buildActionMask = 2147483647;
			files = (
				F6B5F3F81D4F818B00142BF7 /* NoMoreStorageTests.swift in Sources */,
			);
			runOnlyForDeploymentPostprocessing = 0;
		};
		F6B5F3FA1D4F818B00142BF7 /* Sources */ = {
			isa = PBXSourcesBuildPhase;
			buildActionMask = 2147483647;
			files = (
				F6B5F4031D4F818B00142BF7 /* NoMoreStorageUITests.swift in Sources */,
			);
			runOnlyForDeploymentPostprocessing = 0;
		};
/* End PBXSourcesBuildPhase section */

/* Begin PBXTargetDependency section */
		F6B5F3F51D4F818B00142BF7 /* PBXTargetDependency */ = {
			isa = PBXTargetDependency;
			target = F6B5F3DE1D4F818B00142BF7 /* NoMoreStorage */;
			targetProxy = F6B5F3F41D4F818B00142BF7 /* PBXContainerItemProxy */;
		};
		F6B5F4001D4F818B00142BF7 /* PBXTargetDependency */ = {
			isa = PBXTargetDependency;
			target = F6B5F3DE1D4F818B00142BF7 /* NoMoreStorage */;
			targetProxy = F6B5F3FF1D4F818B00142BF7 /* PBXContainerItemProxy */;
		};
/* End PBXTargetDependency section */

/* Begin PBXVariantGroup section */
		F6B5F3E61D4F818B00142BF7 /* Main.storyboard */ = {
			isa = PBXVariantGroup;
			children = (
				F6B5F3E71D4F818B00142BF7 /* Base */,
			);
			name = Main.storyboard;
			sourceTree = "<group>";
		};
		F6B5F3EB1D4F818B00142BF7 /* LaunchScreen.storyboard */ = {
			isa = PBXVariantGroup;
			children = (
				F6B5F3EC1D4F818B00142BF7 /* Base */,
			);
			name = LaunchScreen.storyboard;
			sourceTree = "<group>";
		};
/* End PBXVariantGroup section */

/* Begin XCBuildConfiguration section */
		F6B5F4051D4F818B00142BF7 /* Debug */ = {
			isa = XCBuildConfiguration;
			buildSettings = {
				ALWAYS_SEARCH_USER_PATHS = NO;
				CLANG_ANALYZER_NONNULL = YES;
				CLANG_CXX_LANGUAGE_STANDARD = "gnu++0x";
				CLANG_CXX_LIBRARY = "libc++";
				CLANG_ENABLE_MODULES = YES;
				CLANG_ENABLE_OBJC_ARC = YES;
				CLANG_WARN_BOOL_CONVERSION = YES;
				CLANG_WARN_CONSTANT_CONVERSION = YES;
				CLANG_WARN_DIRECT_OBJC_ISA_USAGE = YES_ERROR;
				CLANG_WARN_EMPTY_BODY = YES;
				CLANG_WARN_ENUM_CONVERSION = YES;
				CLANG_WARN_INT_CONVERSION = YES;
				CLANG_WARN_OBJC_ROOT_CLASS = YES_ERROR;
				CLANG_WARN_UNREACHABLE_CODE = YES;
				CLANG_WARN__DUPLICATE_METHOD_MATCH = YES;
				"CODE_SIGN_IDENTITY[sdk=iphoneos*]" = "iPhone Developer";
				COPY_PHASE_STRIP = NO;
				DEBUG_INFORMATION_FORMAT = dwarf;
				ENABLE_STRICT_OBJC_MSGSEND = YES;
				ENABLE_TESTABILITY = YES;
				GCC_C_LANGUAGE_STANDARD = gnu99;
				GCC_DYNAMIC_NO_PIC = NO;
				GCC_NO_COMMON_BLOCKS = YES;
				GCC_OPTIMIZATION_LEVEL = 0;
				GCC_PREPROCESSOR_DEFINITIONS = (
					"DEBUG=1",
					"$(inherited)",
				);
				GCC_WARN_64_TO_32_BIT_CONVERSION = YES;
				GCC_WARN_ABOUT_RETURN_TYPE = YES_ERROR;
				GCC_WARN_UNDECLARED_SELECTOR = YES;
				GCC_WARN_UNINITIALIZED_AUTOS = YES_AGGRESSIVE;
				GCC_WARN_UNUSED_FUNCTION = YES;
				GCC_WARN_UNUSED_VARIABLE = YES;
				IPHONEOS_DEPLOYMENT_TARGET = 9.3;
				MTL_ENABLE_DEBUG_INFO = YES;
				ONLY_ACTIVE_ARCH = YES;
				SDKROOT = iphoneos;
				SWIFT_OPTIMIZATION_LEVEL = "-Onone";
				TARGETED_DEVICE_FAMILY = "1,2";
			};
			name = Debug;
		};
		F6B5F4061D4F818B00142BF7 /* Release */ = {
			isa = XCBuildConfiguration;
			buildSettings = {
				ALWAYS_SEARCH_USER_PATHS = NO;
				CLANG_ANALYZER_NONNULL = YES;
				CLANG_CXX_LANGUAGE_STANDARD = "gnu++0x";
				CLANG_CXX_LIBRARY = "libc++";
				CLANG_ENABLE_MODULES = YES;
				CLANG_ENABLE_OBJC_ARC = YES;
				CLANG_WARN_BOOL_CONVERSION = YES;
				CLANG_WARN_CONSTANT_CONVERSION = YES;
				CLANG_WARN_DIRECT_OBJC_ISA_USAGE = YES_ERROR;
				CLANG_WARN_EMPTY_BODY = YES;
				CLANG_WARN_ENUM_CONVERSION = YES;
				CLANG_WARN_INT_CONVERSION = YES;
				CLANG_WARN_OBJC_ROOT_CLASS = YES_ERROR;
				CLANG_WARN_UNREACHABLE_CODE = YES;
				CLANG_WARN__DUPLICATE_METHOD_MATCH = YES;
				"CODE_SIGN_IDENTITY[sdk=iphoneos*]" = "iPhone Developer";
				COPY_PHASE_STRIP = NO;
				DEBUG_INFORMATION_FORMAT = "dwarf-with-dsym";
				ENABLE_NS_ASSERTIONS = NO;
				ENABLE_STRICT_OBJC_MSGSEND = YES;
				GCC_C_LANGUAGE_STANDARD = gnu99;
				GCC_NO_COMMON_BLOCKS = YES;
				GCC_WARN_64_TO_32_BIT_CONVERSION = YES;
				GCC_WARN_ABOUT_RETURN_TYPE = YES_ERROR;
				GCC_WARN_UNDECLARED_SELECTOR = YES;
				GCC_WARN_UNINITIALIZED_AUTOS = YES_AGGRESSIVE;
				GCC_WARN_UNUSED_FUNCTION = YES;
				GCC_WARN_UNUSED_VARIABLE = YES;
				IPHONEOS_DEPLOYMENT_TARGET = 9.3;
				MTL_ENABLE_DEBUG_INFO = NO;
				SDKROOT = iphoneos;
				TARGETED_DEVICE_FAMILY = "1,2";
				VALIDATE_PRODUCT = YES;
			};
			name = Release;
		};
		F6B5F4081D4F818B00142BF7 /* Debug */ = {
			isa = XCBuildConfiguration;
			buildSettings = {
				ASSETCATALOG_COMPILER_APPICON_NAME = AppIcon;
				CODE_SIGN_IDENTITY = "iPhone Developer: Lukas Boehler (UDDQUTTHQ9)";
				"CODE_SIGN_IDENTITY[sdk=iphoneos*]" = "iPhone Developer";
				DEVELOPMENT_TEAM = QC2AS9P569;
				INFOPLIST_FILE = NoMoreStorage/Info.plist;
				LD_RUNPATH_SEARCH_PATHS = "$(inherited) @executable_path/Frameworks";
				PRODUCT_BUNDLE_IDENTIFIER = com.marandon.storage;
				PRODUCT_NAME = "$(TARGET_NAME)";
				PROVISIONING_PROFILE = "";
				SWIFT_VERSION = 4.0;
			};
			name = Debug;
		};
		F6B5F4091D4F818B00142BF7 /* Release */ = {
			isa = XCBuildConfiguration;
			buildSettings = {
				ASSETCATALOG_COMPILER_APPICON_NAME = AppIcon;
				CODE_SIGN_IDENTITY = "iPhone Developer: Lukas Boehler (UDDQUTTHQ9)";
				"CODE_SIGN_IDENTITY[sdk=iphoneos*]" = "iPhone Developer";
				DEVELOPMENT_TEAM = QC2AS9P569;
				INFOPLIST_FILE = NoMoreStorage/Info.plist;
				LD_RUNPATH_SEARCH_PATHS = "$(inherited) @executable_path/Frameworks";
				PRODUCT_BUNDLE_IDENTIFIER = com.marandon.storage;
				PRODUCT_NAME = "$(TARGET_NAME)";
				PROVISIONING_PROFILE = "";
				SWIFT_VERSION = 4.0;
			};
			name = Release;
		};
		F6B5F40B1D4F818B00142BF7 /* Debug */ = {
			isa = XCBuildConfiguration;
			buildSettings = {
				BUNDLE_LOADER = "$(TEST_HOST)";
				INFOPLIST_FILE = NoMoreStorageTests/Info.plist;
				LD_RUNPATH_SEARCH_PATHS = "$(inherited) @executable_path/Frameworks @loader_path/Frameworks";
				PRODUCT_BUNDLE_IDENTIFIER = at.appwerkstatt.net.NoMoreStorageTests;
				PRODUCT_NAME = "$(TARGET_NAME)";
				TEST_HOST = "$(BUILT_PRODUCTS_DIR)/NoMoreStorage.app/NoMoreStorage";
			};
			name = Debug;
		};
		F6B5F40C1D4F818B00142BF7 /* Release */ = {
			isa = XCBuildConfiguration;
			buildSettings = {
				BUNDLE_LOADER = "$(TEST_HOST)";
				INFOPLIST_FILE = NoMoreStorageTests/Info.plist;
				LD_RUNPATH_SEARCH_PATHS = "$(inherited) @executable_path/Frameworks @loader_path/Frameworks";
				PRODUCT_BUNDLE_IDENTIFIER = at.appwerkstatt.net.NoMoreStorageTests;
				PRODUCT_NAME = "$(TARGET_NAME)";
				TEST_HOST = "$(BUILT_PRODUCTS_DIR)/NoMoreStorage.app/NoMoreStorage";
			};
			name = Release;
		};
		F6B5F40E1D4F818B00142BF7 /* Debug */ = {
			isa = XCBuildConfiguration;
			buildSettings = {
				INFOPLIST_FILE = NoMoreStorageUITests/Info.plist;
				LD_RUNPATH_SEARCH_PATHS = "$(inherited) @executable_path/Frameworks @loader_path/Frameworks";
				PRODUCT_BUNDLE_IDENTIFIER = at.appwerkstatt.net.NoMoreStorageUITests;
				PRODUCT_NAME = "$(TARGET_NAME)";
				TEST_TARGET_NAME = NoMoreStorage;
			};
			name = Debug;
		};
		F6B5F40F1D4F818B00142BF7 /* Release */ = {
			isa = XCBuildConfiguration;
			buildSettings = {
				INFOPLIST_FILE = NoMoreStorageUITests/Info.plist;
				LD_RUNPATH_SEARCH_PATHS = "$(inherited) @executable_path/Frameworks @loader_path/Frameworks";
				PRODUCT_BUNDLE_IDENTIFIER = at.appwerkstatt.net.NoMoreStorageUITests;
				PRODUCT_NAME = "$(TARGET_NAME)";
				TEST_TARGET_NAME = NoMoreStorage;
			};
			name = Release;
		};
/* End XCBuildConfiguration section */

/* Begin XCConfigurationList section */
		F6B5F3DA1D4F818B00142BF7 /* Build configuration list for PBXProject "NoMoreStorage" */ = {
			isa = XCConfigurationList;
			buildConfigurations = (
				F6B5F4051D4F818B00142BF7 /* Debug */,
				F6B5F4061D4F818B00142BF7 /* Release */,
			);
			defaultConfigurationIsVisible = 0;
			defaultConfigurationName = Release;
		};
		F6B5F4071D4F818B00142BF7 /* Build configuration list for PBXNativeTarget "NoMoreStorage" */ = {
			isa = XCConfigurationList;
			buildConfigurations = (
				F6B5F4081D4F818B00142BF7 /* Debug */,
				F6B5F4091D4F818B00142BF7 /* Release */,
			);
			defaultConfigurationIsVisible = 0;
			defaultConfigurationName = Release;
		};
		F6B5F40A1D4F818B00142BF7 /* Build configuration list for PBXNativeTarget "NoMoreStorageTests" */ = {
			isa = XCConfigurationList;
			buildConfigurations = (
				F6B5F40B1D4F818B00142BF7 /* Debug */,
				F6B5F40C1D4F818B00142BF7 /* Release */,
			);
			defaultConfigurationIsVisible = 0;
			defaultConfigurationName = Release;
		};
		F6B5F40D1D4F818B00142BF7 /* Build configuration list for PBXNativeTarget "NoMoreStorageUITests" */ = {
			isa = XCConfigurationList;
			buildConfigurations = (
				F6B5F40E1D4F818B00142BF7 /* Debug */,
				F6B5F40F1D4F818B00142BF7 /* Release */,
			);
			defaultConfigurationIsVisible = 0;
			defaultConfigurationName = Release;
		};
/* End XCConfigurationList section */
	};
	rootObject = F6B5F3D71D4F818B00142BF7 /* Project object */;
}
